
Microsoft Visual Studio Solution File, Format Version 12.00
# Visual Studio Version 16
VisualStudioVersion = 16.0.31624.102
MinimumVisualStudioVersion = 10.0.40219.1
Project("{FAE04EC0-301F-11D3-BF4B-00C04F79EFBC}") = "Programacion3.1901", "Programacion3.1901.csproj", "{934DA0FD-8933-4C2B-B245-FA6F0EF08E5C}"
EndProject
Global
	GlobalSection(SolutionConfigurationPlatforms) = preSolution
		Debug|Any CPU = Debug|Any CPU
		Release|Any CPU = Release|Any CPU
	EndGlobalSection
	GlobalSection(ProjectConfigurationPlatforms) = postSolution
		{934DA0FD-8933-4C2B-B245-FA6F0EF08E5C}.Debug|Any CPU.ActiveCfg = Debug|Any CPU
		{934DA0FD-8933-4C2B-B245-FA6F0EF08E5C}.Debug|Any CPU.Build.0 = Debug|Any CPU
		{934DA0FD-8933-4C2B-B245-FA6F0EF08E5C}.Release|Any CPU.ActiveCfg = Release|Any CPU
		{934DA0FD-8933-4C2B-B245-FA6F0EF08E5C}.Release|Any CPU.Build.0 = Release|Any CPU
	EndGlobalSection
	GlobalSection(SolutionProperties) = preSolution
		HideSolutionNode = FALSE
	EndGlobalSection
	GlobalSection(ExtensibilityGlobals) = postSolution
		SolutionGuid = {090C99C3-5C9D-4C12-ADAD-8EF72B4EEAC5}
	EndGlobalSection
EndGlobal
